
Microsoft Visual Studio Solution File, Format Version 11.00
# Visual Studio 2010
Project("{8BC9CEB8-8B4A-11D0-8D11-00A0C91BC942}") = "SimpleFactory", "SimpleFactory\SimpleFactory.vcxproj", "{4372DCBA-0557-4978-B39E-2269AF0E2716}"
EndProject
Project("{8BC9CEB8-8B4A-11D0-8D11-00A0C91BC942}") = "AbstactFactory", "AbstactFactory\AbstactFactory.vcxproj", "{2B06E6C7-EA87-426A-B21C-F3A472F48F14}"
EndProject
Project("{8BC9CEB8-8B4A-11D0-8D11-00A0C91BC942}") = "Singleton", "Singleton\Singleton.vcxproj", "{3F4F112D-CAE7-47E0-A195-2E26BB11C01D}"
EndProject
Project("{8BC9CEB8-8B4A-11D0-8D11-00A0C91BC942}") = "Builder", "Builder\Builder.vcxproj", "{AAF67F4E-7495-4D2E-81B4-7FAC64411D03}"
EndProject
Project("{8BC9CEB8-8B4A-11D0-8D11-00A0C91BC942}") = "Prototype", "Prototype\Prototype.vcxproj", "{C6AE3EE4-87F0-43BD-86EB-1F28F63C2C31}"
EndProject
Project("{8BC9CEB8-8B4A-11D0-8D11-00A0C91BC942}") = "Bridge", "Bridge\Bridge.vcxproj", "{72D9415D-6C87-4463-B10A-8719934EB1FD}"
EndProject
Project("{8BC9CEB8-8B4A-11D0-8D11-00A0C91BC942}") = "Adapter", "Adapter\Adapter.vcxproj", "{8D70D762-3932-4A06-B004-6D11876DB9F3}"
EndProject
Project("{8BC9CEB8-8B4A-11D0-8D11-00A0C91BC942}") = "Decorator", "Decorator\Decorator.vcxproj", "{F06C018F-FF13-4668-B2ED-1B8512BBDBAD}"
EndProject
Project("{8BC9CEB8-8B4A-11D0-8D11-00A0C91BC942}") = "Composite", "Composite\Composite.vcxproj", "{A21FAC0D-493D-4FE5-BF4F-E7D325588527}"
EndProject
Project("{8BC9CEB8-8B4A-11D0-8D11-00A0C91BC942}") = "FlyWeight", "FlyWeight\FlyWeight.vcxproj", "{E48C7424-27D0-4A47-BD02-7F08806BE0A6}"
EndProject
Project("{8BC9CEB8-8B4A-11D0-8D11-00A0C91BC942}") = "Facade", "Facade\Facade.vcxproj", "{CA460478-C693-4AEE-AB7A-4DDDBC25E3B6}"
EndProject
Project("{8BC9CEB8-8B4A-11D0-8D11-00A0C91BC942}") = "Proxy", "Proxy\Proxy.vcxproj", "{D2FDD025-2C9F-4548-9DF1-11E7C33D9330}"
EndProject
Project("{8BC9CEB8-8B4A-11D0-8D11-00A0C91BC942}") = "Template", "Template\Template.vcxproj", "{8B35CC67-7440-40BE-8C96-B5AFFAFBB4B4}"
EndProject
Project("{8BC9CEB8-8B4A-11D0-8D11-00A0C91BC942}") = "Strategy", "Strategy\Strategy.vcxproj", "{43A5C2AD-F81E-430D-95B2-6827257CDE15}"
EndProject
Project("{8BC9CEB8-8B4A-11D0-8D11-00A0C91BC942}") = "State", "State\State.vcxproj", "{F8D3167D-287D-4FE7-AD35-84A6D780647D}"
EndProject
Project("{8BC9CEB8-8B4A-11D0-8D11-00A0C91BC942}") = "Observer", "Observer\Observer.vcxproj", "{931017EA-D397-41D8-9D98-8E6D38B544E5}"
EndProject
Project("{8BC9CEB8-8B4A-11D0-8D11-00A0C91BC942}") = "Memento", "Memento\Memento.vcxproj", "{D3527B07-76C1-4532-9733-A42A550D5BF8}"
EndProject
Project("{8BC9CEB8-8B4A-11D0-8D11-00A0C91BC942}") = "Mediator", "Mediator\Mediator.vcxproj", "{4A501B5F-3AD4-4A3E-AB54-39942297426C}"
EndProject
Project("{8BC9CEB8-8B4A-11D0-8D11-00A0C91BC942}") = "Command", "Command\Command.vcxproj", "{B0E50D2E-388E-4484-9625-359BD0098B76}"
EndProject
Project("{8BC9CEB8-8B4A-11D0-8D11-00A0C91BC942}") = "Visitor", "Visitor\Visitor.vcxproj", "{284A066A-C7F6-43D5-8B6C-07022909A261}"
EndProject
Project("{8BC9CEB8-8B4A-11D0-8D11-00A0C91BC942}") = "Iterator", "Iterator\Iterator.vcxproj", "{8CE598B7-1F0A-4C50-8AA6-9D40A669357E}"
EndProject
Project("{8BC9CEB8-8B4A-11D0-8D11-00A0C91BC942}") = "Interpreter", "Interpreter\Interpreter.vcxproj", "{FCF97AFF-DBF3-4EE7-9256-358501D9D816}"
EndProject
Project("{8BC9CEB8-8B4A-11D0-8D11-00A0C91BC942}") = "ChainOfResponsbility", "ChainOfResponsbility\ChainOfResponsbility.vcxproj", "{D3C04419-52B9-4707-AF48-F403AA92CA09}"
EndProject
Global
	GlobalSection(SolutionConfigurationPlatforms) = preSolution
		Debug|Win32 = Debug|Win32
		Release|Win32 = Release|Win32
	EndGlobalSection
	GlobalSection(ProjectConfigurationPlatforms) = postSolution
		{4372DCBA-0557-4978-B39E-2269AF0E2716}.Debug|Win32.ActiveCfg = Debug|Win32
		{4372DCBA-0557-4978-B39E-2269AF0E2716}.Debug|Win32.Build.0 = Debug|Win32
		{4372DCBA-0557-4978-B39E-2269AF0E2716}.Release|Win32.ActiveCfg = Release|Win32
		{4372DCBA-0557-4978-B39E-2269AF0E2716}.Release|Win32.Build.0 = Release|Win32
		{2B06E6C7-EA87-426A-B21C-F3A472F48F14}.Debug|Win32.ActiveCfg = Debug|Win32
		{2B06E6C7-EA87-426A-B21C-F3A472F48F14}.Debug|Win32.Build.0 = Debug|Win32
		{2B06E6C7-EA87-426A-B21C-F3A472F48F14}.Release|Win32.ActiveCfg = Release|Win32
		{2B06E6C7-EA87-426A-B21C-F3A472F48F14}.Release|Win32.Build.0 = Release|Win32
		{3F4F112D-CAE7-47E0-A195-2E26BB11C01D}.Debug|Win32.ActiveCfg = Debug|Win32
		{3F4F112D-CAE7-47E0-A195-2E26BB11C01D}.Debug|Win32.Build.0 = Debug|Win32
		{3F4F112D-CAE7-47E0-A195-2E26BB11C01D}.Release|Win32.ActiveCfg = Release|Win32
		{3F4F112D-CAE7-47E0-A195-2E26BB11C01D}.Release|Win32.Build.0 = Release|Win32
		{AAF67F4E-7495-4D2E-81B4-7FAC64411D03}.Debug|Win32.ActiveCfg = Debug|Win32
		{AAF67F4E-7495-4D2E-81B4-7FAC64411D03}.Debug|Win32.Build.0 = Debug|Win32
		{AAF67F4E-7495-4D2E-81B4-7FAC64411D03}.Release|Win32.ActiveCfg = Release|Win32
		{AAF67F4E-7495-4D2E-81B4-7FAC64411D03}.Release|Win32.Build.0 = Release|Win32
		{C6AE3EE4-87F0-43BD-86EB-1F28F63C2C31}.Debug|Win32.ActiveCfg = Debug|Win32
		{C6AE3EE4-87F0-43BD-86EB-1F28F63C2C31}.Debug|Win32.Build.0 = Debug|Win32
		{C6AE3EE4-87F0-43BD-86EB-1F28F63C2C31}.Release|Win32.ActiveCfg = Release|Win32
		{C6AE3EE4-87F0-43BD-86EB-1F28F63C2C31}.Release|Win32.Build.0 = Release|Win32
		{72D9415D-6C87-4463-B10A-8719934EB1FD}.Debug|Win32.ActiveCfg = Debug|Win32
		{72D9415D-6C87-4463-B10A-8719934EB1FD}.Debug|Win32.Build.0 = Debug|Win32
		{72D9415D-6C87-4463-B10A-8719934EB1FD}.Release|Win32.ActiveCfg = Release|Win32
		{72D9415D-6C87-4463-B10A-8719934EB1FD}.Release|Win32.Build.0 = Release|Win32
		{8D70D762-3932-4A06-B004-6D11876DB9F3}.Debug|Win32.ActiveCfg = Debug|Win32
		{8D70D762-3932-4A06-B004-6D11876DB9F3}.Debug|Win32.Build.0 = Debug|Win32
		{8D70D762-3932-4A06-B004-6D11876DB9F3}.Release|Win32.ActiveCfg = Release|Win32
		{8D70D762-3932-4A06-B004-6D11876DB9F3}.Release|Win32.Build.0 = Release|Win32
		{F06C018F-FF13-4668-B2ED-1B8512BBDBAD}.Debug|Win32.ActiveCfg = Debug|Win32
		{F06C018F-FF13-4668-B2ED-1B8512BBDBAD}.Debug|Win32.Build.0 = Debug|Win32
		{F06C018F-FF13-4668-B2ED-1B8512BBDBAD}.Release|Win32.ActiveCfg = Release|Win32
		{F06C018F-FF13-4668-B2ED-1B8512BBDBAD}.Release|Win32.Build.0 = Release|Win32
		{A21FAC0D-493D-4FE5-BF4F-E7D325588527}.Debug|Win32.ActiveCfg = Debug|Win32
		{A21FAC0D-493D-4FE5-BF4F-E7D325588527}.Debug|Win32.Build.0 = Debug|Win32
		{A21FAC0D-493D-4FE5-BF4F-E7D325588527}.Release|Win32.ActiveCfg = Release|Win32
		{A21FAC0D-493D-4FE5-BF4F-E7D325588527}.Release|Win32.Build.0 = Release|Win32
		{E48C7424-27D0-4A47-BD02-7F08806BE0A6}.Debug|Win32.ActiveCfg = Debug|Win32
		{E48C7424-27D0-4A47-BD02-7F08806BE0A6}.Debug|Win32.Build.0 = Debug|Win32
		{E48C7424-27D0-4A47-BD02-7F08806BE0A6}.Release|Win32.ActiveCfg = Release|Win32
		{E48C7424-27D0-4A47-BD02-7F08806BE0A6}.Release|Win32.Build.0 = Release|Win32
		{CA460478-C693-4AEE-AB7A-4DDDBC25E3B6}.Debug|Win32.ActiveCfg = Debug|Win32
		{CA460478-C693-4AEE-AB7A-4DDDBC25E3B6}.Debug|Win32.Build.0 = Debug|Win32
		{CA460478-C693-4AEE-AB7A-4DDDBC25E3B6}.Release|Win32.ActiveCfg = Release|Win32
		{CA460478-C693-4AEE-AB7A-4DDDBC25E3B6}.Release|Win32.Build.0 = Release|Win32
		{D2FDD025-2C9F-4548-9DF1-11E7C33D9330}.Debug|Win32.ActiveCfg = Debug|Win32
		{D2FDD025-2C9F-4548-9DF1-11E7C33D9330}.Debug|Win32.Build.0 = Debug|Win32
		{D2FDD025-2C9F-4548-9DF1-11E7C33D9330}.Release|Win32.ActiveCfg = Release|Win32
		{D2FDD025-2C9F-4548-9DF1-11E7C33D9330}.Release|Win32.Build.0 = Release|Win32
		{8B35CC67-7440-40BE-8C96-B5AFFAFBB4B4}.Debug|Win32.ActiveCfg = Debug|Win32
		{8B35CC67-7440-40BE-8C96-B5AFFAFBB4B4}.Debug|Win32.Build.0 = Debug|Win32
		{8B35CC67-7440-40BE-8C96-B5AFFAFBB4B4}.Release|Win32.ActiveCfg = Release|Win32
		{8B35CC67-7440-40BE-8C96-B5AFFAFBB4B4}.Release|Win32.Build.0 = Release|Win32
		{43A5C2AD-F81E-430D-95B2-6827257CDE15}.Debug|Win32.ActiveCfg = Debug|Win32
		{43A5C2AD-F81E-430D-95B2-6827257CDE15}.Debug|Win32.Build.0 = Debug|Win32
		{43A5C2AD-F81E-430D-95B2-6827257CDE15}.Release|Win32.ActiveCfg = Release|Win32
		{43A5C2AD-F81E-430D-95B2-6827257CDE15}.Release|Win32.Build.0 = Release|Win32
		{F8D3167D-287D-4FE7-AD35-84A6D780647D}.Debug|Win32.ActiveCfg = Debug|Win32
		{F8D3167D-287D-4FE7-AD35-84A6D780647D}.Debug|Win32.Build.0 = Debug|Win32
		{F8D3167D-287D-4FE7-AD35-84A6D780647D}.Release|Win32.ActiveCfg = Release|Win32
		{F8D3167D-287D-4FE7-AD35-84A6D780647D}.Release|Win32.Build.0 = Release|Win32
		{931017EA-D397-41D8-9D98-8E6D38B544E5}.Debug|Win32.ActiveCfg = Debug|Win32
		{931017EA-D397-41D8-9D98-8E6D38B544E5}.Debug|Win32.Build.0 = Debug|Win32
		{931017EA-D397-41D8-9D98-8E6D38B544E5}.Release|Win32.ActiveCfg = Release|Win32
		{931017EA-D397-41D8-9D98-8E6D38B544E5}.Release|Win32.Build.0 = Release|Win32
		{D3527B07-76C1-4532-9733-A42A550D5BF8}.Debug|Win32.ActiveCfg = Debug|Win32
		{D3527B07-76C1-4532-9733-A42A550D5BF8}.Debug|Win32.Build.0 = Debug|Win32
		{D3527B07-76C1-4532-9733-A42A550D5BF8}.Release|Win32.ActiveCfg = Release|Win32
		{D3527B07-76C1-4532-9733-A42A550D5BF8}.Release|Win32.Build.0 = Release|Win32
		{4A501B5F-3AD4-4A3E-AB54-39942297426C}.Debug|Win32.ActiveCfg = Debug|Win32
		{4A501B5F-3AD4-4A3E-AB54-39942297426C}.Debug|Win32.Build.0 = Debug|Win32
		{4A501B5F-3AD4-4A3E-AB54-39942297426C}.Release|Win32.ActiveCfg = Release|Win32
		{4A501B5F-3AD4-4A3E-AB54-39942297426C}.Release|Win32.Build.0 = Release|Win32
		{B0E50D2E-388E-4484-9625-359BD0098B76}.Debug|Win32.ActiveCfg = Debug|Win32
		{B0E50D2E-388E-4484-9625-359BD0098B76}.Debug|Win32.Build.0 = Debug|Win32
		{B0E50D2E-388E-4484-9625-359BD0098B76}.Release|Win32.ActiveCfg = Release|Win32
		{B0E50D2E-388E-4484-9625-359BD0098B76}.Release|Win32.Build.0 = Release|Win32
		{284A066A-C7F6-43D5-8B6C-07022909A261}.Debug|Win32.ActiveCfg = Debug|Win32
		{284A066A-C7F6-43D5-8B6C-07022909A261}.Debug|Win32.Build.0 = Debug|Win32
		{284A066A-C7F6-43D5-8B6C-07022909A261}.Release|Win32.ActiveCfg = Release|Win32
		{284A066A-C7F6-43D5-8B6C-07022909A261}.Release|Win32.Build.0 = Release|Win32
		{8CE598B7-1F0A-4C50-8AA6-9D40A669357E}.Debug|Win32.ActiveCfg = Debug|Win32
		{8CE598B7-1F0A-4C50-8AA6-9D40A669357E}.Debug|Win32.Build.0 = Debug|Win32
		{8CE598B7-1F0A-4C50-8AA6-9D40A669357E}.Release|Win32.ActiveCfg = Release|Win32
		{8CE598B7-1F0A-4C50-8AA6-9D40A669357E}.Release|Win32.Build.0 = Release|Win32
		{FCF97AFF-DBF3-4EE7-9256-358501D9D816}.Debug|Win32.ActiveCfg = Debug|Win32
		{FCF97AFF-DBF3-4EE7-9256-358501D9D816}.Debug|Win32.Build.0 = Debug|Win32
		{FCF97AFF-DBF3-4EE7-9256-358501D9D816}.Release|Win32.ActiveCfg = Release|Win32
		{FCF97AFF-DBF3-4EE7-9256-358501D9D816}.Release|Win32.Build.0 = Release|Win32
		{D3C04419-52B9-4707-AF48-F403AA92CA09}.Debug|Win32.ActiveCfg = Debug|Win32
		{D3C04419-52B9-4707-AF48-F403AA92CA09}.Debug|Win32.Build.0 = Debug|Win32
		{D3C04419-52B9-4707-AF48-F403AA92CA09}.Release|Win32.ActiveCfg = Release|Win32
		{D3C04419-52B9-4707-AF48-F403AA92CA09}.Release|Win32.Build.0 = Release|Win32
	EndGlobalSection
	GlobalSection(SolutionProperties) = preSolution
		HideSolutionNode = FALSE
	EndGlobalSection
EndGlobal
